
Microsoft Visual Studio Solution File, Format Version 12.00
# Visual Studio Version 16
VisualStudioVersion = 16.0.29609.76
MinimumVisualStudioVersion = 10.0.40219.1
Project("{8BC9CEB8-8B4A-11D0-8D11-00A0C91BC942}") = "BottlEye", "BottlEye\BottlEye.vcxproj", "{9A6F6F8A-15CB-4276-BD96-1BA5E91DEED6}"
EndProject
Global
	GlobalSection(SolutionConfigurationPlatforms) = preSolution
		Debug|x64 = Debug|x64
		Debug|x86 = Debug|x86
		Release|x64 = Release|x64
		Release|x86 = Release|x86
	EndGlobalSection
	GlobalSection(ProjectConfigurationPlatforms) = postSolution
		{9A6F6F8A-15CB-4276-BD96-1BA5E91DEED6}.Debug|x64.ActiveCfg = Debug|x64
		{9A6F6F8A-15CB-4276-BD96-1BA5E91DEED6}.Debug|x64.Build.0 = Debug|x64
		{9A6F6F8A-15CB-4276-BD96-1BA5E91DEED6}.Debug|x86.ActiveCfg = Debug|Win32
		{9A6F6F8A-15CB-4276-BD96-1BA5E91DEED6}.Debug|x86.Build.0 = Debug|Win32
		{9A6F6F8A-15CB-4276-BD96-1BA5E91DEED6}.Release|x64.ActiveCfg = Release|x64
		{9A6F6F8A-15CB-4276-BD96-1BA5E91DEED6}.Release|x64.Build.0 = Release|x64
		{9A6F6F8A-15CB-4276-BD96-1BA5E91DEED6}.Release|x86.ActiveCfg = Release|Win32
		{9A6F6F8A-15CB-4276-BD96-1BA5E91DEED6}.Release|x86.Build.0 = Release|Win32
	EndGlobalSection
	GlobalSection(SolutionProperties) = preSolution
		HideSolutionNode = FALSE
	EndGlobalSection
	GlobalSection(ExtensibilityGlobals) = postSolution
		SolutionGuid = {1C8FC625-02F3-4B76-A958-B1AED03C2B75}
	EndGlobalSection
EndGlobal
